// !$*UTF8*$!
{
	archiveVersion = 1;
	classes = {
	};
	objectVersion = 50;
	objects = {

/* Begin PBXBuildFile section */
		141D0A8FD841ADA50252269B /* Pods_flashhang_iOSTests.framework in Frameworks */ = {isa = PBXBuildFile; fileRef = E54B3F633CC3DA14B03A0875 /* Pods_flashhang_iOSTests.framework */; };
		40489113210D1A5A00A36D7F /* SignUpViewController.swift in Sources */ = {isa = PBXBuildFile; fileRef = 40489112210D1A5A00A36D7F /* SignUpViewController.swift */; };
		40489115210D1BE800A36D7F /* AddInterestsViewController.swift in Sources */ = {isa = PBXBuildFile; fileRef = 40489114210D1BE800A36D7F /* AddInterestsViewController.swift */; };
		40489117210D30E000A36D7F /* auth0.plist in Resources */ = {isa = PBXBuildFile; fileRef = 40489116210D30E000A36D7F /* auth0.plist */; };
		40489119210D3B0300A36D7F /* GoogleService-Info.plist in Resources */ = {isa = PBXBuildFile; fileRef = 40489118210D3B0300A36D7F /* GoogleService-Info.plist */; };
		4048911B210D3CEC00A36D7F /* StartHangViewController.swift in Sources */ = {isa = PBXBuildFile; fileRef = 4048911A210D3CEC00A36D7F /* StartHangViewController.swift */; };
		4048911D210D3F6000A36D7F /* ShareLinkViewController.swift in Sources */ = {isa = PBXBuildFile; fileRef = 4048911C210D3F6000A36D7F /* ShareLinkViewController.swift */; };
		4048911F210D4DBE00A36D7F /* LobbyViewController.swift in Sources */ = {isa = PBXBuildFile; fileRef = 4048911E210D4DBE00A36D7F /* LobbyViewController.swift */; };
		4075668F210D5B3600FDFC32 /* VotingViewController.swift in Sources */ = {isa = PBXBuildFile; fileRef = 4075668E210D5B3600FDFC32 /* VotingViewController.swift */; };
		40D42A93210D02BD00531C77 /* AppDelegate.swift in Sources */ = {isa = PBXBuildFile; fileRef = 40D42A92210D02BD00531C77 /* AppDelegate.swift */; };
		40D42A95210D02BD00531C77 /* ViewController.swift in Sources */ = {isa = PBXBuildFile; fileRef = 40D42A94210D02BD00531C77 /* ViewController.swift */; };
		40D42A98210D02BD00531C77 /* Main.storyboard in Resources */ = {isa = PBXBuildFile; fileRef = 40D42A96210D02BD00531C77 /* Main.storyboard */; };
		40D42A9A210D02BE00531C77 /* Assets.xcassets in Resources */ = {isa = PBXBuildFile; fileRef = 40D42A99210D02BE00531C77 /* Assets.xcassets */; };
		40D42A9D210D02BE00531C77 /* LaunchScreen.storyboard in Resources */ = {isa = PBXBuildFile; fileRef = 40D42A9B210D02BE00531C77 /* LaunchScreen.storyboard */; };
		40D42AA8210D02BE00531C77 /* flashhang_iOSTests.swift in Sources */ = {isa = PBXBuildFile; fileRef = 40D42AA7210D02BE00531C77 /* flashhang_iOSTests.swift */; };
		40D42AB3210D13FE00531C77 /* FlashHangViewController.swift in Sources */ = {isa = PBXBuildFile; fileRef = 40D42AB2210D13FE00531C77 /* FlashHangViewController.swift */; };
		40D42AB5210D147100531C77 /* LoginViewController.swift in Sources */ = {isa = PBXBuildFile; fileRef = 40D42AB4210D147100531C77 /* LoginViewController.swift */; };
		40D9DCAB210DB04900BD0A00 /* JoinLobbyViewController.swift in Sources */ = {isa = PBXBuildFile; fileRef = 40D9DCAA210DB04900BD0A00 /* JoinLobbyViewController.swift */; };
		40ED8037210E249B0086EF4E /* VideoChatViewController.swift in Sources */ = {isa = PBXBuildFile; fileRef = 40ED8036210E249B0086EF4E /* VideoChatViewController.swift */; };
		40ED803B210E3DAB0086EF4E /* ActivityDetailViewController.swift in Sources */ = {isa = PBXBuildFile; fileRef = 40ED803A210E3DAB0086EF4E /* ActivityDetailViewController.swift */; };
		A7E0A6F939BF016F1CFBC13C /* Pods_flashhang_iOS.framework in Frameworks */ = {isa = PBXBuildFile; fileRef = 8625C53640F48116789038FD /* Pods_flashhang_iOS.framework */; };
/* End PBXBuildFile section */

/* Begin PBXContainerItemProxy section */
		40D42AA4210D02BE00531C77 /* PBXContainerItemProxy */ = {
			isa = PBXContainerItemProxy;
			containerPortal = 40D42A87210D02BD00531C77 /* Project object */;
			proxyType = 1;
			remoteGlobalIDString = 40D42A8E210D02BD00531C77;
			remoteInfo = "flashhang-iOS";
		};
/* End PBXContainerItemProxy section */

/* Begin PBXFileReference section */
		1C6786BE3E907561F6F93BC1 /* Pods-flashhang-iOSTests.release.xcconfig */ = {isa = PBXFileReference; includeInIndex = 1; lastKnownFileType = text.xcconfig; name = "Pods-flashhang-iOSTests.release.xcconfig"; path = "Pods/Target Support Files/Pods-flashhang-iOSTests/Pods-flashhang-iOSTests.release.xcconfig"; sourceTree = "<group>"; };
		2F81DC13E4FC6294443E3DB5 /* Pods-flashhang-iOSTests.debug.xcconfig */ = {isa = PBXFileReference; includeInIndex = 1; lastKnownFileType = text.xcconfig; name = "Pods-flashhang-iOSTests.debug.xcconfig"; path = "Pods/Target Support Files/Pods-flashhang-iOSTests/Pods-flashhang-iOSTests.debug.xcconfig"; sourceTree = "<group>"; };
		40489112210D1A5A00A36D7F /* SignUpViewController.swift */ = {isa = PBXFileReference; lastKnownFileType = sourcecode.swift; path = SignUpViewController.swift; sourceTree = "<group>"; };
		40489114210D1BE800A36D7F /* AddInterestsViewController.swift */ = {isa = PBXFileReference; lastKnownFileType = sourcecode.swift; path = AddInterestsViewController.swift; sourceTree = "<group>"; };
		40489116210D30E000A36D7F /* auth0.plist */ = {isa = PBXFileReference; lastKnownFileType = text.plist; path = auth0.plist; sourceTree = "<group>"; };
		40489118210D3B0300A36D7F /* GoogleService-Info.plist */ = {isa = PBXFileReference; fileEncoding = 4; lastKnownFileType = text.plist.xml; path = "GoogleService-Info.plist"; sourceTree = "<group>"; };
		4048911A210D3CEC00A36D7F /* StartHangViewController.swift */ = {isa = PBXFileReference; lastKnownFileType = sourcecode.swift; path = StartHangViewController.swift; sourceTree = "<group>"; };
		4048911C210D3F6000A36D7F /* ShareLinkViewController.swift */ = {isa = PBXFileReference; lastKnownFileType = sourcecode.swift; path = ShareLinkViewController.swift; sourceTree = "<group>"; };
		4048911E210D4DBE00A36D7F /* LobbyViewController.swift */ = {isa = PBXFileReference; lastKnownFileType = sourcecode.swift; path = LobbyViewController.swift; sourceTree = "<group>"; };
		4075668E210D5B3600FDFC32 /* VotingViewController.swift */ = {isa = PBXFileReference; lastKnownFileType = sourcecode.swift; path = VotingViewController.swift; sourceTree = "<group>"; };
		40D42A8F210D02BD00531C77 /* flashhang-iOS.app */ = {isa = PBXFileReference; explicitFileType = wrapper.application; includeInIndex = 0; path = "flashhang-iOS.app"; sourceTree = BUILT_PRODUCTS_DIR; };
		40D42A92210D02BD00531C77 /* AppDelegate.swift */ = {isa = PBXFileReference; lastKnownFileType = sourcecode.swift; path = AppDelegate.swift; sourceTree = "<group>"; };
		40D42A94210D02BD00531C77 /* ViewController.swift */ = {isa = PBXFileReference; lastKnownFileType = sourcecode.swift; path = ViewController.swift; sourceTree = "<group>"; };
		40D42A97210D02BD00531C77 /* Base */ = {isa = PBXFileReference; lastKnownFileType = file.storyboard; name = Base; path = Base.lproj/Main.storyboard; sourceTree = "<group>"; };
		40D42A99210D02BE00531C77 /* Assets.xcassets */ = {isa = PBXFileReference; lastKnownFileType = folder.assetcatalog; path = Assets.xcassets; sourceTree = "<group>"; };
		40D42A9C210D02BE00531C77 /* Base */ = {isa = PBXFileReference; lastKnownFileType = file.storyboard; name = Base; path = Base.lproj/LaunchScreen.storyboard; sourceTree = "<group>"; };
		40D42A9E210D02BE00531C77 /* Info.plist */ = {isa = PBXFileReference; lastKnownFileType = text.plist.xml; path = Info.plist; sourceTree = "<group>"; };
		40D42AA3210D02BE00531C77 /* flashhang-iOSTests.xctest */ = {isa = PBXFileReference; explicitFileType = wrapper.cfbundle; includeInIndex = 0; path = "flashhang-iOSTests.xctest"; sourceTree = BUILT_PRODUCTS_DIR; };
		40D42AA7210D02BE00531C77 /* flashhang_iOSTests.swift */ = {isa = PBXFileReference; lastKnownFileType = sourcecode.swift; path = flashhang_iOSTests.swift; sourceTree = "<group>"; };
		40D42AA9210D02BE00531C77 /* Info.plist */ = {isa = PBXFileReference; lastKnownFileType = text.plist.xml; path = Info.plist; sourceTree = "<group>"; };
		40D42AB2210D13FE00531C77 /* FlashHangViewController.swift */ = {isa = PBXFileReference; lastKnownFileType = sourcecode.swift; path = FlashHangViewController.swift; sourceTree = "<group>"; };
		40D42AB4210D147100531C77 /* LoginViewController.swift */ = {isa = PBXFileReference; lastKnownFileType = sourcecode.swift; path = LoginViewController.swift; sourceTree = "<group>"; };
		40D9DCAA210DB04900BD0A00 /* JoinLobbyViewController.swift */ = {isa = PBXFileReference; lastKnownFileType = sourcecode.swift; path = JoinLobbyViewController.swift; sourceTree = "<group>"; };
		40ED8036210E249B0086EF4E /* VideoChatViewController.swift */ = {isa = PBXFileReference; lastKnownFileType = sourcecode.swift; path = VideoChatViewController.swift; sourceTree = "<group>"; };
		40ED803A210E3DAB0086EF4E /* ActivityDetailViewController.swift */ = {isa = PBXFileReference; lastKnownFileType = sourcecode.swift; path = ActivityDetailViewController.swift; sourceTree = "<group>"; };
		5B128EF19E36ACED2C3E7B6C /* Pods-flashhang-iOS.release.xcconfig */ = {isa = PBXFileReference; includeInIndex = 1; lastKnownFileType = text.xcconfig; name = "Pods-flashhang-iOS.release.xcconfig"; path = "Pods/Target Support Files/Pods-flashhang-iOS/Pods-flashhang-iOS.release.xcconfig"; sourceTree = "<group>"; };
		8625C53640F48116789038FD /* Pods_flashhang_iOS.framework */ = {isa = PBXFileReference; explicitFileType = wrapper.framework; includeInIndex = 0; path = Pods_flashhang_iOS.framework; sourceTree = BUILT_PRODUCTS_DIR; };
		BB819D61E1991AC36E83026E /* Pods-flashhang-iOS.debug.xcconfig */ = {isa = PBXFileReference; includeInIndex = 1; lastKnownFileType = text.xcconfig; name = "Pods-flashhang-iOS.debug.xcconfig"; path = "Pods/Target Support Files/Pods-flashhang-iOS/Pods-flashhang-iOS.debug.xcconfig"; sourceTree = "<group>"; };
		E54B3F633CC3DA14B03A0875 /* Pods_flashhang_iOSTests.framework */ = {isa = PBXFileReference; explicitFileType = wrapper.framework; includeInIndex = 0; path = Pods_flashhang_iOSTests.framework; sourceTree = BUILT_PRODUCTS_DIR; };
/* End PBXFileReference section */

/* Begin PBXFrameworksBuildPhase section */
		40D42A8C210D02BD00531C77 /* Frameworks */ = {
			isa = PBXFrameworksBuildPhase;
			buildActionMask = 2147483647;
			files = (
				A7E0A6F939BF016F1CFBC13C /* Pods_flashhang_iOS.framework in Frameworks */,
			);
			runOnlyForDeploymentPostprocessing = 0;
		};
		40D42AA0210D02BE00531C77 /* Frameworks */ = {
			isa = PBXFrameworksBuildPhase;
			buildActionMask = 2147483647;
			files = (
				141D0A8FD841ADA50252269B /* Pods_flashhang_iOSTests.framework in Frameworks */,
			);
			runOnlyForDeploymentPostprocessing = 0;
		};
/* End PBXFrameworksBuildPhase section */

/* Begin PBXGroup section */
		40D42A86210D02BD00531C77 = {
			isa = PBXGroup;
			children = (
				40D42A91210D02BD00531C77 /* flashhang-iOS */,
				40D42AA6210D02BE00531C77 /* flashhang-iOSTests */,
				40D42A90210D02BD00531C77 /* Products */,
				4654B8F745D866B9D1DEC2C1 /* Pods */,
				CEE0C18B48D68364BDA5ED1A /* Frameworks */,
			);
			sourceTree = "<group>";
		};
		40D42A90210D02BD00531C77 /* Products */ = {
			isa = PBXGroup;
			children = (
				40D42A8F210D02BD00531C77 /* flashhang-iOS.app */,
				40D42AA3210D02BE00531C77 /* flashhang-iOSTests.xctest */,
			);
			name = Products;
			sourceTree = "<group>";
		};
		40D42A91210D02BD00531C77 /* flashhang-iOS */ = {
			isa = PBXGroup;
			children = (
				40D42A92210D02BD00531C77 /* AppDelegate.swift */,
				40D42A96210D02BD00531C77 /* Main.storyboard */,
				40D9DCAA210DB04900BD0A00 /* JoinLobbyViewController.swift */,
				4075668E210D5B3600FDFC32 /* VotingViewController.swift */,
				4048911E210D4DBE00A36D7F /* LobbyViewController.swift */,
				4048911A210D3CEC00A36D7F /* StartHangViewController.swift */,
				4048911C210D3F6000A36D7F /* ShareLinkViewController.swift */,
				40D42A94210D02BD00531C77 /* ViewController.swift */,
				40D42AB4210D147100531C77 /* LoginViewController.swift */,
				40D42A99210D02BE00531C77 /* Assets.xcassets */,
				40D42A9B210D02BE00531C77 /* LaunchScreen.storyboard */,
				40D42A9E210D02BE00531C77 /* Info.plist */,
				40489118210D3B0300A36D7F /* GoogleService-Info.plist */,
				40D42AB2210D13FE00531C77 /* FlashHangViewController.swift */,
				40489112210D1A5A00A36D7F /* SignUpViewController.swift */,
				40489114210D1BE800A36D7F /* AddInterestsViewController.swift */,
				40489116210D30E000A36D7F /* auth0.plist */,
				40ED8036210E249B0086EF4E /* VideoChatViewController.swift */,
				40ED803A210E3DAB0086EF4E /* ActivityDetailViewController.swift */,
			);
			path = "flashhang-iOS";
			sourceTree = "<group>";
		};
		40D42AA6210D02BE00531C77 /* flashhang-iOSTests */ = {
			isa = PBXGroup;
			children = (
				40D42AA7210D02BE00531C77 /* flashhang_iOSTests.swift */,
				40D42AA9210D02BE00531C77 /* Info.plist */,
			);
			path = "flashhang-iOSTests";
			sourceTree = "<group>";
		};
		4654B8F745D866B9D1DEC2C1 /* Pods */ = {
			isa = PBXGroup;
			children = (
				BB819D61E1991AC36E83026E /* Pods-flashhang-iOS.debug.xcconfig */,
				5B128EF19E36ACED2C3E7B6C /* Pods-flashhang-iOS.release.xcconfig */,
				2F81DC13E4FC6294443E3DB5 /* Pods-flashhang-iOSTests.debug.xcconfig */,
				1C6786BE3E907561F6F93BC1 /* Pods-flashhang-iOSTests.release.xcconfig */,
			);
			name = Pods;
			sourceTree = "<group>";
		};
		CEE0C18B48D68364BDA5ED1A /* Frameworks */ = {
			isa = PBXGroup;
			children = (
				8625C53640F48116789038FD /* Pods_flashhang_iOS.framework */,
				E54B3F633CC3DA14B03A0875 /* Pods_flashhang_iOSTests.framework */,
			);
			name = Frameworks;
			sourceTree = "<group>";
		};
/* End PBXGroup section */

/* Begin PBXNativeTarget section */
		40D42A8E210D02BD00531C77 /* flashhang-iOS */ = {
			isa = PBXNativeTarget;
			buildConfigurationList = 40D42AAC210D02BE00531C77 /* Build configuration list for PBXNativeTarget "flashhang-iOS" */;
			buildPhases = (
				E6A78A18A9D77D27F6C03194 /* [CP] Check Pods Manifest.lock */,
				40D42A8B210D02BD00531C77 /* Sources */,
				40D42A8C210D02BD00531C77 /* Frameworks */,
				40D42A8D210D02BD00531C77 /* Resources */,
				FF38A092CF442A0F2DD46715 /* [CP] Embed Pods Frameworks */,
			);
			buildRules = (
			);
			dependencies = (
			);
			name = "flashhang-iOS";
			productName = "flashhang-iOS";
			productReference = 40D42A8F210D02BD00531C77 /* flashhang-iOS.app */;
			productType = "com.apple.product-type.application";
		};
		40D42AA2210D02BE00531C77 /* flashhang-iOSTests */ = {
			isa = PBXNativeTarget;
			buildConfigurationList = 40D42AAF210D02BE00531C77 /* Build configuration list for PBXNativeTarget "flashhang-iOSTests" */;
			buildPhases = (
				BA3D5C6B7C1875031416CC65 /* [CP] Check Pods Manifest.lock */,
				40D42A9F210D02BE00531C77 /* Sources */,
				40D42AA0210D02BE00531C77 /* Frameworks */,
				40D42AA1210D02BE00531C77 /* Resources */,
			);
			buildRules = (
			);
			dependencies = (
				40D42AA5210D02BE00531C77 /* PBXTargetDependency */,
			);
			name = "flashhang-iOSTests";
			productName = "flashhang-iOSTests";
			productReference = 40D42AA3210D02BE00531C77 /* flashhang-iOSTests.xctest */;
			productType = "com.apple.product-type.bundle.unit-test";
		};
/* End PBXNativeTarget section */

/* Begin PBXProject section */
		40D42A87210D02BD00531C77 /* Project object */ = {
			isa = PBXProject;
			attributes = {
				LastSwiftUpdateCheck = 0940;
				LastUpgradeCheck = 0940;
				ORGANIZATIONNAME = "Cristian Saguil";
				TargetAttributes = {
					40D42A8E210D02BD00531C77 = {
						CreatedOnToolsVersion = 9.4.1;
					};
					40D42AA2210D02BE00531C77 = {
						CreatedOnToolsVersion = 9.4.1;
						TestTargetID = 40D42A8E210D02BD00531C77;
					};
				};
			};
			buildConfigurationList = 40D42A8A210D02BD00531C77 /* Build configuration list for PBXProject "flashhang-iOS" */;
			compatibilityVersion = "Xcode 9.3";
			developmentRegion = en;
			hasScannedForEncodings = 0;
			knownRegions = (
				en,
				Base,
			);
			mainGroup = 40D42A86210D02BD00531C77;
			productRefGroup = 40D42A90210D02BD00531C77 /* Products */;
			projectDirPath = "";
			projectRoot = "";
			targets = (
				40D42A8E210D02BD00531C77 /* flashhang-iOS */,
				40D42AA2210D02BE00531C77 /* flashhang-iOSTests */,
			);
		};
/* End PBXProject section */

/* Begin PBXResourcesBuildPhase section */
		40D42A8D210D02BD00531C77 /* Resources */ = {
			isa = PBXResourcesBuildPhase;
			buildActionMask = 2147483647;
			files = (
				40D42A9D210D02BE00531C77 /* LaunchScreen.storyboard in Resources */,
				40D42A9A210D02BE00531C77 /* Assets.xcassets in Resources */,
				40489119210D3B0300A36D7F /* GoogleService-Info.plist in Resources */,
				40D42A98210D02BD00531C77 /* Main.storyboard in Resources */,
				40489117210D30E000A36D7F /* auth0.plist in Resources */,
			);
			runOnlyForDeploymentPostprocessing = 0;
		};
		40D42AA1210D02BE00531C77 /* Resources */ = {
			isa = PBXResourcesBuildPhase;
			buildActionMask = 2147483647;
			files = (
			);
			runOnlyForDeploymentPostprocessing = 0;
		};
/* End PBXResourcesBuildPhase section */

/* Begin PBXShellScriptBuildPhase section */
		BA3D5C6B7C1875031416CC65 /* [CP] Check Pods Manifest.lock */ = {
			isa = PBXShellScriptBuildPhase;
			buildActionMask = 2147483647;
			files = (
			);
			inputPaths = (
				"${PODS_PODFILE_DIR_PATH}/Podfile.lock",
				"${PODS_ROOT}/Manifest.lock",
			);
			name = "[CP] Check Pods Manifest.lock";
			outputPaths = (
				"$(DERIVED_FILE_DIR)/Pods-flashhang-iOSTests-checkManifestLockResult.txt",
			);
			runOnlyForDeploymentPostprocessing = 0;
			shellPath = /bin/sh;
			shellScript = "diff \"${PODS_PODFILE_DIR_PATH}/Podfile.lock\" \"${PODS_ROOT}/Manifest.lock\" > /dev/null\nif [ $? != 0 ] ; then\n    # print error to STDERR\n    echo \"error: The sandbox is not in sync with the Podfile.lock. Run 'pod install' or update your CocoaPods installation.\" >&2\n    exit 1\nfi\n# This output is used by Xcode 'outputs' to avoid re-running this script phase.\necho \"SUCCESS\" > \"${SCRIPT_OUTPUT_FILE_0}\"\n";
			showEnvVarsInLog = 0;
		};
		E6A78A18A9D77D27F6C03194 /* [CP] Check Pods Manifest.lock */ = {
			isa = PBXShellScriptBuildPhase;
			buildActionMask = 2147483647;
			files = (
			);
			inputPaths = (
				"${PODS_PODFILE_DIR_PATH}/Podfile.lock",
				"${PODS_ROOT}/Manifest.lock",
			);
			name = "[CP] Check Pods Manifest.lock";
			outputPaths = (
				"$(DERIVED_FILE_DIR)/Pods-flashhang-iOS-checkManifestLockResult.txt",
			);
			runOnlyForDeploymentPostprocessing = 0;
			shellPath = /bin/sh;
			shellScript = "diff \"${PODS_PODFILE_DIR_PATH}/Podfile.lock\" \"${PODS_ROOT}/Manifest.lock\" > /dev/null\nif [ $? != 0 ] ; then\n    # print error to STDERR\n    echo \"error: The sandbox is not in sync with the Podfile.lock. Run 'pod install' or update your CocoaPods installation.\" >&2\n    exit 1\nfi\n# This output is used by Xcode 'outputs' to avoid re-running this script phase.\necho \"SUCCESS\" > \"${SCRIPT_OUTPUT_FILE_0}\"\n";
			showEnvVarsInLog = 0;
		};
		FF38A092CF442A0F2DD46715 /* [CP] Embed Pods Frameworks */ = {
			isa = PBXShellScriptBuildPhase;
			buildActionMask = 2147483647;
			files = (
			);
			inputPaths = (
				"${SRCROOT}/Pods/Target Support Files/Pods-flashhang-iOS/Pods-flashhang-iOS-frameworks.sh",
				"${BUILT_PRODUCTS_DIR}/Bolts/Bolts.framework",
				"${BUILT_PRODUCTS_DIR}/FBSDKCoreKit/FBSDKCoreKit.framework",
				"${BUILT_PRODUCTS_DIR}/FBSDKLoginKit/FBSDKLoginKit.framework",
				"${BUILT_PRODUCTS_DIR}/FacebookCore/FacebookCore.framework",
				"${BUILT_PRODUCTS_DIR}/FacebookLogin/FacebookLogin.framework",
				"${BUILT_PRODUCTS_DIR}/GTMSessionFetcher/GTMSessionFetcher.framework",
				"${BUILT_PRODUCTS_DIR}/GoogleToolboxForMac/GoogleToolboxForMac.framework",
				"${BUILT_PRODUCTS_DIR}/leveldb-library/leveldb.framework",
				"${BUILT_PRODUCTS_DIR}/nanopb/nanopb.framework",
			);
			name = "[CP] Embed Pods Frameworks";
			outputPaths = (
				"${TARGET_BUILD_DIR}/${FRAMEWORKS_FOLDER_PATH}/Bolts.framework",
				"${TARGET_BUILD_DIR}/${FRAMEWORKS_FOLDER_PATH}/FBSDKCoreKit.framework",
				"${TARGET_BUILD_DIR}/${FRAMEWORKS_FOLDER_PATH}/FBSDKLoginKit.framework",
				"${TARGET_BUILD_DIR}/${FRAMEWORKS_FOLDER_PATH}/FacebookCore.framework",
				"${TARGET_BUILD_DIR}/${FRAMEWORKS_FOLDER_PATH}/FacebookLogin.framework",
				"${TARGET_BUILD_DIR}/${FRAMEWORKS_FOLDER_PATH}/GTMSessionFetcher.framework",
				"${TARGET_BUILD_DIR}/${FRAMEWORKS_FOLDER_PATH}/GoogleToolboxForMac.framework",
				"${TARGET_BUILD_DIR}/${FRAMEWORKS_FOLDER_PATH}/leveldb.framework",
				"${TARGET_BUILD_DIR}/${FRAMEWORKS_FOLDER_PATH}/nanopb.framework",
			);
			runOnlyForDeploymentPostprocessing = 0;
			shellPath = /bin/sh;
			shellScript = "\"${SRCROOT}/Pods/Target Support Files/Pods-flashhang-iOS/Pods-flashhang-iOS-frameworks.sh\"\n";
			showEnvVarsInLog = 0;
		};
/* End PBXShellScriptBuildPhase section */

/* Begin PBXSourcesBuildPhase section */
		40D42A8B210D02BD00531C77 /* Sources */ = {
			isa = PBXSourcesBuildPhase;
			buildActionMask = 2147483647;
			files = (
				4048911D210D3F6000A36D7F /* ShareLinkViewController.swift in Sources */,
				40D42AB5210D147100531C77 /* LoginViewController.swift in Sources */,
				40ED8037210E249B0086EF4E /* VideoChatViewController.swift in Sources */,
				4048911B210D3CEC00A36D7F /* StartHangViewController.swift in Sources */,
				40D42A95210D02BD00531C77 /* ViewController.swift in Sources */,
				40D42A93210D02BD00531C77 /* AppDelegate.swift in Sources */,
				40D42AB3210D13FE00531C77 /* FlashHangViewController.swift in Sources */,
				4048911F210D4DBE00A36D7F /* LobbyViewController.swift in Sources */,
				40489115210D1BE800A36D7F /* AddInterestsViewController.swift in Sources */,
				40489113210D1A5A00A36D7F /* SignUpViewController.swift in Sources */,
				40ED803B210E3DAB0086EF4E /* ActivityDetailViewController.swift in Sources */,
				4075668F210D5B3600FDFC32 /* VotingViewController.swift in Sources */,
				40D9DCAB210DB04900BD0A00 /* JoinLobbyViewController.swift in Sources */,
			);
			runOnlyForDeploymentPostprocessing = 0;
		};
		40D42A9F210D02BE00531C77 /* Sources */ = {
			isa = PBXSourcesBuildPhase;
			buildActionMask = 2147483647;
			files = (
				40D42AA8210D02BE00531C77 /* flashhang_iOSTests.swift in Sources */,
			);
			runOnlyForDeploymentPostprocessing = 0;
		};
/* End PBXSourcesBuildPhase section */

/* Begin PBXTargetDependency section */
		40D42AA5210D02BE00531C77 /* PBXTargetDependency */ = {
			isa = PBXTargetDependency;
			target = 40D42A8E210D02BD00531C77 /* flashhang-iOS */;
			targetProxy = 40D42AA4210D02BE00531C77 /* PBXContainerItemProxy */;
		};
/* End PBXTargetDependency section */

/* Begin PBXVariantGroup section */
		40D42A96210D02BD00531C77 /* Main.storyboard */ = {
			isa = PBXVariantGroup;
			children = (
				40D42A97210D02BD00531C77 /* Base */,
			);
			name = Main.storyboard;
			sourceTree = "<group>";
		};
		40D42A9B210D02BE00531C77 /* LaunchScreen.storyboard */ = {
			isa = PBXVariantGroup;
			children = (
				40D42A9C210D02BE00531C77 /* Base */,
			);
			name = LaunchScreen.storyboard;
			sourceTree = "<group>";
		};
/* End PBXVariantGroup section */

/* Begin XCBuildConfiguration section */
		40D42AAA210D02BE00531C77 /* Debug */ = {
			isa = XCBuildConfiguration;
			buildSettings = {
				ALWAYS_SEARCH_USER_PATHS = NO;
				CLANG_ANALYZER_NONNULL = YES;
				CLANG_ANALYZER_NUMBER_OBJECT_CONVERSION = YES_AGGRESSIVE;
				CLANG_CXX_LANGUAGE_STANDARD = "gnu++14";
				CLANG_CXX_LIBRARY = "libc++";
				CLANG_ENABLE_MODULES = YES;
				CLANG_ENABLE_OBJC_ARC = YES;
				CLANG_ENABLE_OBJC_WEAK = YES;
				CLANG_WARN_BLOCK_CAPTURE_AUTORELEASING = YES;
				CLANG_WARN_BOOL_CONVERSION = YES;
				CLANG_WARN_COMMA = YES;
				CLANG_WARN_CONSTANT_CONVERSION = YES;
				CLANG_WARN_DEPRECATED_OBJC_IMPLEMENTATIONS = YES;
				CLANG_WARN_DIRECT_OBJC_ISA_USAGE = YES_ERROR;
				CLANG_WARN_DOCUMENTATION_COMMENTS = YES;
				CLANG_WARN_EMPTY_BODY = YES;
				CLANG_WARN_ENUM_CONVERSION = YES;
				CLANG_WARN_INFINITE_RECURSION = YES;
				CLANG_WARN_INT_CONVERSION = YES;
				CLANG_WARN_NON_LITERAL_NULL_CONVERSION = YES;
				CLANG_WARN_OBJC_IMPLICIT_RETAIN_SELF = YES;
				CLANG_WARN_OBJC_LITERAL_CONVERSION = YES;
				CLANG_WARN_OBJC_ROOT_CLASS = YES_ERROR;
				CLANG_WARN_RANGE_LOOP_ANALYSIS = YES;
				CLANG_WARN_STRICT_PROTOTYPES = YES;
				CLANG_WARN_SUSPICIOUS_MOVE = YES;
				CLANG_WARN_UNGUARDED_AVAILABILITY = YES_AGGRESSIVE;
				CLANG_WARN_UNREACHABLE_CODE = YES;
				CLANG_WARN__DUPLICATE_METHOD_MATCH = YES;
				CODE_SIGN_IDENTITY = "iPhone Developer";
				COPY_PHASE_STRIP = NO;
				DEBUG_INFORMATION_FORMAT = dwarf;
				ENABLE_STRICT_OBJC_MSGSEND = YES;
				ENABLE_TESTABILITY = YES;
				GCC_C_LANGUAGE_STANDARD = gnu11;
				GCC_DYNAMIC_NO_PIC = NO;
				GCC_NO_COMMON_BLOCKS = YES;
				GCC_OPTIMIZATION_LEVEL = 0;
				GCC_PREPROCESSOR_DEFINITIONS = (
					"DEBUG=1",
					"$(inherited)",
				);
				GCC_WARN_64_TO_32_BIT_CONVERSION = YES;
				GCC_WARN_ABOUT_RETURN_TYPE = YES_ERROR;
				GCC_WARN_UNDECLARED_SELECTOR = YES;
				GCC_WARN_UNINITIALIZED_AUTOS = YES_AGGRESSIVE;
				GCC_WARN_UNUSED_FUNCTION = YES;
				GCC_WARN_UNUSED_VARIABLE = YES;
				IPHONEOS_DEPLOYMENT_TARGET = 11.4;
				MTL_ENABLE_DEBUG_INFO = YES;
				ONLY_ACTIVE_ARCH = YES;
				SDKROOT = iphoneos;
				SWIFT_ACTIVE_COMPILATION_CONDITIONS = DEBUG;
				SWIFT_OPTIMIZATION_LEVEL = "-Onone";
			};
			name = Debug;
		};
		40D42AAB210D02BE00531C77 /* Release */ = {
			isa = XCBuildConfiguration;
			buildSettings = {
				ALWAYS_SEARCH_USER_PATHS = NO;
				CLANG_ANALYZER_NONNULL = YES;
				CLANG_ANALYZER_NUMBER_OBJECT_CONVERSION = YES_AGGRESSIVE;
				CLANG_CXX_LANGUAGE_STANDARD = "gnu++14";
				CLANG_CXX_LIBRARY = "libc++";
				CLANG_ENABLE_MODULES = YES;
				CLANG_ENABLE_OBJC_ARC = YES;
				CLANG_ENABLE_OBJC_WEAK = YES;
				CLANG_WARN_BLOCK_CAPTURE_AUTORELEASING = YES;
				CLANG_WARN_BOOL_CONVERSION = YES;
				CLANG_WARN_COMMA = YES;
				CLANG_WARN_CONSTANT_CONVERSION = YES;
				CLANG_WARN_DEPRECATED_OBJC_IMPLEMENTATIONS = YES;
				CLANG_WARN_DIRECT_OBJC_ISA_USAGE = YES_ERROR;
				CLANG_WARN_DOCUMENTATION_COMMENTS = YES;
				CLANG_WARN_EMPTY_BODY = YES;
				CLANG_WARN_ENUM_CONVERSION = YES;
				CLANG_WARN_INFINITE_RECURSION = YES;
				CLANG_WARN_INT_CONVERSION = YES;
				CLANG_WARN_NON_LITERAL_NULL_CONVERSION = YES;
				CLANG_WARN_OBJC_IMPLICIT_RETAIN_SELF = YES;
				CLANG_WARN_OBJC_LITERAL_CONVERSION = YES;
				CLANG_WARN_OBJC_ROOT_CLASS = YES_ERROR;
				CLANG_WARN_RANGE_LOOP_ANALYSIS = YES;
				CLANG_WARN_STRICT_PROTOTYPES = YES;
				CLANG_WARN_SUSPICIOUS_MOVE = YES;
				CLANG_WARN_UNGUARDED_AVAILABILITY = YES_AGGRESSIVE;
				CLANG_WARN_UNREACHABLE_CODE = YES;
				CLANG_WARN__DUPLICATE_METHOD_MATCH = YES;
				CODE_SIGN_IDENTITY = "iPhone Developer";
				COPY_PHASE_STRIP = NO;
				DEBUG_INFORMATION_FORMAT = "dwarf-with-dsym";
				ENABLE_NS_ASSERTIONS = NO;
				ENABLE_STRICT_OBJC_MSGSEND = YES;
				GCC_C_LANGUAGE_STANDARD = gnu11;
				GCC_NO_COMMON_BLOCKS = YES;
				GCC_WARN_64_TO_32_BIT_CONVERSION = YES;
				GCC_WARN_ABOUT_RETURN_TYPE = YES_ERROR;
				GCC_WARN_UNDECLARED_SELECTOR = YES;
				GCC_WARN_UNINITIALIZED_AUTOS = YES_AGGRESSIVE;
				GCC_WARN_UNUSED_FUNCTION = YES;
				GCC_WARN_UNUSED_VARIABLE = YES;
				IPHONEOS_DEPLOYMENT_TARGET = 11.4;
				MTL_ENABLE_DEBUG_INFO = NO;
				SDKROOT = iphoneos;
				SWIFT_COMPILATION_MODE = wholemodule;
				SWIFT_OPTIMIZATION_LEVEL = "-O";
				VALIDATE_PRODUCT = YES;
			};
			name = Release;
		};
		40D42AAD210D02BE00531C77 /* Debug */ = {
			isa = XCBuildConfiguration;
			baseConfigurationReference = BB819D61E1991AC36E83026E /* Pods-flashhang-iOS.debug.xcconfig */;
			buildSettings = {
				ASSETCATALOG_COMPILER_APPICON_NAME = AppIcon;
				CODE_SIGN_STYLE = Automatic;
				DEVELOPMENT_TEAM = B79KW7LMAH;
				INFOPLIST_FILE = "flashhang-iOS/Info.plist";
				LD_RUNPATH_SEARCH_PATHS = (
					"$(inherited)",
					"@executable_path/Frameworks",
				);
				PRODUCT_BUNDLE_IDENTIFIER = "com.cristiansaguil.flashhang-iOS";
				PRODUCT_NAME = "$(TARGET_NAME)";
				SWIFT_VERSION = 4.0;
				TARGETED_DEVICE_FAMILY = "1,2";
			};
			name = Debug;
		};
		40D42AAE210D02BE00531C77 /* Release */ = {
			isa = XCBuildConfiguration;
			baseConfigurationReference = 5B128EF19E36ACED2C3E7B6C /* Pods-flashhang-iOS.release.xcconfig */;
			buildSettings = {
				ASSETCATALOG_COMPILER_APPICON_NAME = AppIcon;
				CODE_SIGN_STYLE = Automatic;
				DEVELOPMENT_TEAM = B79KW7LMAH;
				INFOPLIST_FILE = "flashhang-iOS/Info.plist";
				LD_RUNPATH_SEARCH_PATHS = (
					"$(inherited)",
					"@executable_path/Frameworks",
				);
				PRODUCT_BUNDLE_IDENTIFIER = "com.cristiansaguil.flashhang-iOS";
				PRODUCT_NAME = "$(TARGET_NAME)";
				SWIFT_VERSION = 4.0;
				TARGETED_DEVICE_FAMILY = "1,2";
			};
			name = Release;
		};
		40D42AB0210D02BE00531C77 /* Debug */ = {
			isa = XCBuildConfiguration;
			baseConfigurationReference = 2F81DC13E4FC6294443E3DB5 /* Pods-flashhang-iOSTests.debug.xcconfig */;
			buildSettings = {
				ALWAYS_EMBED_SWIFT_STANDARD_LIBRARIES = YES;
				BUNDLE_LOADER = "$(TEST_HOST)";
				CODE_SIGN_STYLE = Automatic;
				DEVELOPMENT_TEAM = B79KW7LMAH;
				INFOPLIST_FILE = "flashhang-iOSTests/Info.plist";
				LD_RUNPATH_SEARCH_PATHS = (
					"$(inherited)",
					"@executable_path/Frameworks",
					"@loader_path/Frameworks",
				);
				PRODUCT_BUNDLE_IDENTIFIER = "com.cristiansaguil.flashhang-iOSTests";
				PRODUCT_NAME = "$(TARGET_NAME)";
				SWIFT_VERSION = 4.0;
				TARGETED_DEVICE_FAMILY = "1,2";
				TEST_HOST = "$(BUILT_PRODUCTS_DIR)/flashhang-iOS.app/flashhang-iOS";
			};
			name = Debug;
		};
		40D42AB1210D02BE00531C77 /* Release */ = {
			isa = XCBuildConfiguration;
			baseConfigurationReference = 1C6786BE3E907561F6F93BC1 /* Pods-flashhang-iOSTests.release.xcconfig */;
			buildSettings = {
				ALWAYS_EMBED_SWIFT_STANDARD_LIBRARIES = YES;
				BUNDLE_LOADER = "$(TEST_HOST)";
				CODE_SIGN_STYLE = Automatic;
				DEVELOPMENT_TEAM = B79KW7LMAH;
				INFOPLIST_FILE = "flashhang-iOSTests/Info.plist";
				LD_RUNPATH_SEARCH_PATHS = (
					"$(inherited)",
					"@executable_path/Frameworks",
					"@loader_path/Frameworks",
				);
				PRODUCT_BUNDLE_IDENTIFIER = "com.cristiansaguil.flashhang-iOSTests";
				PRODUCT_NAME = "$(TARGET_NAME)";
				SWIFT_VERSION = 4.0;
				TARGETED_DEVICE_FAMILY = "1,2";
				TEST_HOST = "$(BUILT_PRODUCTS_DIR)/flashhang-iOS.app/flashhang-iOS";
			};
			name = Release;
		};
/* End XCBuildConfiguration section */

/* Begin XCConfigurationList section */
		40D42A8A210D02BD00531C77 /* Build configuration list for PBXProject "flashhang-iOS" */ = {
			isa = XCConfigurationList;
			buildConfigurations = (
				40D42AAA210D02BE00531C77 /* Debug */,
				40D42AAB210D02BE00531C77 /* Release */,
			);
			defaultConfigurationIsVisible = 0;
			defaultConfigurationName = Release;
		};
		40D42AAC210D02BE00531C77 /* Build configuration list for PBXNativeTarget "flashhang-iOS" */ = {
			isa = XCConfigurationList;
			buildConfigurations = (
				40D42AAD210D02BE00531C77 /* Debug */,
				40D42AAE210D02BE00531C77 /* Release */,
			);
			defaultConfigurationIsVisible = 0;
			defaultConfigurationName = Release;
		};
		40D42AAF210D02BE00531C77 /* Build configuration list for PBXNativeTarget "flashhang-iOSTests" */ = {
			isa = XCConfigurationList;
			buildConfigurations = (
				40D42AB0210D02BE00531C77 /* Debug */,
				40D42AB1210D02BE00531C77 /* Release */,
			);
			defaultConfigurationIsVisible = 0;
			defaultConfigurationName = Release;
		};
/* End XCConfigurationList section */
	};
	rootObject = 40D42A87210D02BD00531C77 /* Project object */;
}
